
Microsoft Visual Studio Solution File, Format Version 12.00
# Visual Studio Version 17
VisualStudioVersion = 17.14.36121.58 d17.14
MinimumVisualStudioVersion = 10.0.40219.1
Project("{FAE04EC0-301F-11D3-BF4B-00C04F79EFBC}") = "API", "API\API.csproj", "{744FEE66-EA9E-4E23-AABF-17CAB8AF36F0}"
EndProject
Project("{FAE04EC0-301F-11D3-BF4B-00C04F79EFBC}") = "Domain", "Domain\Domain.csproj", "{9BABCCAA-A82D-43C6-9780-FCBD7B3F2671}"
EndProject
Project("{FAE04EC0-301F-11D3-BF4B-00C04F79EFBC}") = "Application", "Application\Application.csproj", "{D0DA51CC-CCF1-4B95-9857-59191489E0E5}"
EndProject
Project("{FAE04EC0-301F-11D3-BF4B-00C04F79EFBC}") = "Persistence", "Persistence\Persistence.csproj", "{C899032C-83CF-45E3-92C9-7FC42720216A}"
EndProject
Global
	GlobalSection(SolutionConfigurationPlatforms) = preSolution
		Debug|Any CPU = Debug|Any CPU
		Release|Any CPU = Release|Any CPU
	EndGlobalSection
	GlobalSection(ProjectConfigurationPlatforms) = postSolution
		{744FEE66-EA9E-4E23-AABF-17CAB8AF36F0}.Debug|Any CPU.ActiveCfg = Debug|Any CPU
		{744FEE66-EA9E-4E23-AABF-17CAB8AF36F0}.Debug|Any CPU.Build.0 = Debug|Any CPU
		{744FEE66-EA9E-4E23-AABF-17CAB8AF36F0}.Release|Any CPU.ActiveCfg = Release|Any CPU
		{744FEE66-EA9E-4E23-AABF-17CAB8AF36F0}.Release|Any CPU.Build.0 = Release|Any CPU
		{9BABCCAA-A82D-43C6-9780-FCBD7B3F2671}.Debug|Any CPU.ActiveCfg = Debug|Any CPU
		{9BABCCAA-A82D-43C6-9780-FCBD7B3F2671}.Debug|Any CPU.Build.0 = Debug|Any CPU
		{9BABCCAA-A82D-43C6-9780-FCBD7B3F2671}.Release|Any CPU.ActiveCfg = Release|Any CPU
		{9BABCCAA-A82D-43C6-9780-FCBD7B3F2671}.Release|Any CPU.Build.0 = Release|Any CPU
		{D0DA51CC-CCF1-4B95-9857-59191489E0E5}.Debug|Any CPU.ActiveCfg = Debug|Any CPU
		{D0DA51CC-CCF1-4B95-9857-59191489E0E5}.Debug|Any CPU.Build.0 = Debug|Any CPU
		{D0DA51CC-CCF1-4B95-9857-59191489E0E5}.Release|Any CPU.ActiveCfg = Release|Any CPU
		{D0DA51CC-CCF1-4B95-9857-59191489E0E5}.Release|Any CPU.Build.0 = Release|Any CPU
		{C899032C-83CF-45E3-92C9-7FC42720216A}.Debug|Any CPU.ActiveCfg = Debug|Any CPU
		{C899032C-83CF-45E3-92C9-7FC42720216A}.Debug|Any CPU.Build.0 = Debug|Any CPU
		{C899032C-83CF-45E3-92C9-7FC42720216A}.Release|Any CPU.ActiveCfg = Release|Any CPU
		{C899032C-83CF-45E3-92C9-7FC42720216A}.Release|Any CPU.Build.0 = Release|Any CPU
	EndGlobalSection
	GlobalSection(SolutionProperties) = preSolution
		HideSolutionNode = FALSE
	EndGlobalSection
	GlobalSection(ExtensibilityGlobals) = postSolution
		SolutionGuid = {253CF7FD-2671-45B4-9ED2-9DE7698E22BD}
	EndGlobalSection
EndGlobal
